schema: '2.0'
stages:
  stage_01:
    cmd: python stage_01.py
    deps:
    - path: stage_01.py
      md5: da89b35f194e66ad1c606ba79f9070be
      size: 76
    outs:
    - path: artifacts01.txt
      md5: 6446a99808a330e7f53d31c598b75762
      size: 7
  stage_02:
    cmd: python stage_02.py
    deps:
    - path: artifacts01.txt
      md5: 6446a99808a330e7f53d31c598b75762
      size: 7
    - path: stage_02.py
      md5: f386a60a8aa13784d8754b812c984632
      size: 74
